
Microsoft Visual Studio Solution File, Format Version 12.00
# Visual Studio Version 17
VisualStudioVersion = 17.8.34525.116
MinimumVisualStudioVersion = 10.0.40219.1
Project("{FAE04EC0-301F-11D3-BF4B-00C04F79EFBC}") = "xiaoPage", "xiaoPage\xiaoPage.csproj", "{010A0757-F010-4FA8-9BCA-CA397A46A577}"
EndProject
Global
	GlobalSection(SolutionConfigurationPlatforms) = preSolution
		Debug|Any CPU = Debug|Any CPU
		Release|Any CPU = Release|Any CPU
	EndGlobalSection
	GlobalSection(ProjectConfigurationPlatforms) = postSolution
		{010A0757-F010-4FA8-9BCA-CA397A46A577}.Debug|Any CPU.ActiveCfg = Debug|Any CPU
		{010A0757-F010-4FA8-9BCA-CA397A46A577}.Debug|Any CPU.Build.0 = Debug|Any CPU
		{010A0757-F010-4FA8-9BCA-CA397A46A577}.Release|Any CPU.ActiveCfg = Release|Any CPU
		{010A0757-F010-4FA8-9BCA-CA397A46A577}.Release|Any CPU.Build.0 = Release|Any CPU
	EndGlobalSection
	GlobalSection(SolutionProperties) = preSolution
		HideSolutionNode = FALSE
	EndGlobalSection
	GlobalSection(ExtensibilityGlobals) = postSolution
		SolutionGuid = {67EB8D9E-15B8-48F1-A64C-431C7C1DC5B1}
	EndGlobalSection
EndGlobal
